// !$*UTF8*$!
{
	archiveVersion = 1;
	classes = {
	};
	objectVersion = 50;
	objects = {

/* Begin PBXBuildFile section */
		ACB17E3E273BA9FD008CAB1B /* AppDelegate.swift in Sources */ = {isa = PBXBuildFile; fileRef = ACB17E3D273BA9FD008CAB1B /* AppDelegate.swift */; };
		ACB17E40273BA9FD008CAB1B /* SceneDelegate.swift in Sources */ = {isa = PBXBuildFile; fileRef = ACB17E3F273BA9FD008CAB1B /* SceneDelegate.swift */; };
		ACB17E47273BA9FF008CAB1B /* Assets.xcassets in Resources */ = {isa = PBXBuildFile; fileRef = ACB17E46273BA9FF008CAB1B /* Assets.xcassets */; };
		ACB17E4A273BA9FF008CAB1B /* LaunchScreen.storyboard in Resources */ = {isa = PBXBuildFile; fileRef = ACB17E48273BA9FF008CAB1B /* LaunchScreen.storyboard */; };
		ACB17E59273BACA4008CAB1B /* FinancialOperationsViewController.swift in Sources */ = {isa = PBXBuildFile; fileRef = ACB17E57273BACA4008CAB1B /* FinancialOperationsViewController.swift */; };
		ACB17E5A273BACA4008CAB1B /* FinancialOperationsViewController.xib in Resources */ = {isa = PBXBuildFile; fileRef = ACB17E58273BACA4008CAB1B /* FinancialOperationsViewController.xib */; };
		ACB17E5F273BACF8008CAB1B /* Coordinator.swift in Sources */ = {isa = PBXBuildFile; fileRef = ACB17E5E273BACF8008CAB1B /* Coordinator.swift */; };
		ACB17E62273BAE9C008CAB1B /* FinancialOperationsCoordinator.swift in Sources */ = {isa = PBXBuildFile; fileRef = ACB17E61273BAE9C008CAB1B /* FinancialOperationsCoordinator.swift */; };
		ACB17E66273BD003008CAB1B /* OperationDetailsViewController.swift in Sources */ = {isa = PBXBuildFile; fileRef = ACB17E64273BD003008CAB1B /* OperationDetailsViewController.swift */; };
		ACB17E67273BD003008CAB1B /* OperationDetailsViewController.xib in Resources */ = {isa = PBXBuildFile; fileRef = ACB17E65273BD003008CAB1B /* OperationDetailsViewController.xib */; };
		ACB17E6A273BD01D008CAB1B /* OperationDetailsCoordinator.swift in Sources */ = {isa = PBXBuildFile; fileRef = ACB17E69273BD01D008CAB1B /* OperationDetailsCoordinator.swift */; };
		ACB17E6E273BD3E7008CAB1B /* FinancialOperationsViewModel.swift in Sources */ = {isa = PBXBuildFile; fileRef = ACB17E6D273BD3E7008CAB1B /* FinancialOperationsViewModel.swift */; };
		ACB17E71273BD686008CAB1B /* OperationDetailsViewModel.swift in Sources */ = {isa = PBXBuildFile; fileRef = ACB17E70273BD686008CAB1B /* OperationDetailsViewModel.swift */; };
/* End PBXBuildFile section */

/* Begin PBXFileReference section */
		ACB17E3A273BA9FD008CAB1B /* FinanceApp.app */ = {isa = PBXFileReference; explicitFileType = wrapper.application; includeInIndex = 0; path = FinanceApp.app; sourceTree = BUILT_PRODUCTS_DIR; };
		ACB17E3D273BA9FD008CAB1B /* AppDelegate.swift */ = {isa = PBXFileReference; lastKnownFileType = sourcecode.swift; path = AppDelegate.swift; sourceTree = "<group>"; };
		ACB17E3F273BA9FD008CAB1B /* SceneDelegate.swift */ = {isa = PBXFileReference; lastKnownFileType = sourcecode.swift; path = SceneDelegate.swift; sourceTree = "<group>"; };
		ACB17E46273BA9FF008CAB1B /* Assets.xcassets */ = {isa = PBXFileReference; lastKnownFileType = folder.assetcatalog; path = Assets.xcassets; sourceTree = "<group>"; };
		ACB17E49273BA9FF008CAB1B /* Base */ = {isa = PBXFileReference; lastKnownFileType = file.storyboard; name = Base; path = Base.lproj/LaunchScreen.storyboard; sourceTree = "<group>"; };
		ACB17E4B273BA9FF008CAB1B /* Info.plist */ = {isa = PBXFileReference; lastKnownFileType = text.plist.xml; path = Info.plist; sourceTree = "<group>"; };
		ACB17E57273BACA4008CAB1B /* FinancialOperationsViewController.swift */ = {isa = PBXFileReference; lastKnownFileType = sourcecode.swift; path = FinancialOperationsViewController.swift; sourceTree = "<group>"; };
		ACB17E58273BACA4008CAB1B /* FinancialOperationsViewController.xib */ = {isa = PBXFileReference; lastKnownFileType = file.xib; path = FinancialOperationsViewController.xib; sourceTree = "<group>"; };
		ACB17E5E273BACF8008CAB1B /* Coordinator.swift */ = {isa = PBXFileReference; lastKnownFileType = sourcecode.swift; path = Coordinator.swift; sourceTree = "<group>"; };
		ACB17E61273BAE9C008CAB1B /* FinancialOperationsCoordinator.swift */ = {isa = PBXFileReference; lastKnownFileType = sourcecode.swift; path = FinancialOperationsCoordinator.swift; sourceTree = "<group>"; };
		ACB17E64273BD003008CAB1B /* OperationDetailsViewController.swift */ = {isa = PBXFileReference; lastKnownFileType = sourcecode.swift; path = OperationDetailsViewController.swift; sourceTree = "<group>"; };
		ACB17E65273BD003008CAB1B /* OperationDetailsViewController.xib */ = {isa = PBXFileReference; lastKnownFileType = file.xib; path = OperationDetailsViewController.xib; sourceTree = "<group>"; };
		ACB17E69273BD01D008CAB1B /* OperationDetailsCoordinator.swift */ = {isa = PBXFileReference; lastKnownFileType = sourcecode.swift; path = OperationDetailsCoordinator.swift; sourceTree = "<group>"; };
		ACB17E6D273BD3E7008CAB1B /* FinancialOperationsViewModel.swift */ = {isa = PBXFileReference; lastKnownFileType = sourcecode.swift; path = FinancialOperationsViewModel.swift; sourceTree = "<group>"; };
		ACB17E70273BD686008CAB1B /* OperationDetailsViewModel.swift */ = {isa = PBXFileReference; lastKnownFileType = sourcecode.swift; path = OperationDetailsViewModel.swift; sourceTree = "<group>"; };
/* End PBXFileReference section */

/* Begin PBXFrameworksBuildPhase section */
		ACB17E37273BA9FD008CAB1B /* Frameworks */ = {
			isa = PBXFrameworksBuildPhase;
			buildActionMask = 2147483647;
			files = (
			);
			runOnlyForDeploymentPostprocessing = 0;
		};
/* End PBXFrameworksBuildPhase section */

/* Begin PBXGroup section */
		ACB17E31273BA9FD008CAB1B = {
			isa = PBXGroup;
			children = (
				ACB17E3C273BA9FD008CAB1B /* FinanceApp */,
				ACB17E3B273BA9FD008CAB1B /* Products */,
			);
			sourceTree = "<group>";
		};
		ACB17E3B273BA9FD008CAB1B /* Products */ = {
			isa = PBXGroup;
			children = (
				ACB17E3A273BA9FD008CAB1B /* FinanceApp.app */,
			);
			name = Products;
			sourceTree = "<group>";
		};
		ACB17E3C273BA9FD008CAB1B /* FinanceApp */ = {
			isa = PBXGroup;
			children = (
				ACB17E3D273BA9FD008CAB1B /* AppDelegate.swift */,
				ACB17E3F273BA9FD008CAB1B /* SceneDelegate.swift */,
				ACB17E5D273BACE1008CAB1B /* Coordinators */,
				ACB17E56273BAC91008CAB1B /* Views */,
				ACB17E6C273BD3C9008CAB1B /* ViewModels */,
				ACB17E46273BA9FF008CAB1B /* Assets.xcassets */,
				ACB17E48273BA9FF008CAB1B /* LaunchScreen.storyboard */,
				ACB17E4B273BA9FF008CAB1B /* Info.plist */,
			);
			path = FinanceApp;
			sourceTree = "<group>";
		};
		ACB17E56273BAC91008CAB1B /* Views */ = {
			isa = PBXGroup;
			children = (
				ACB17E57273BACA4008CAB1B /* FinancialOperationsViewController.swift */,
				ACB17E58273BACA4008CAB1B /* FinancialOperationsViewController.xib */,
				ACB17E64273BD003008CAB1B /* OperationDetailsViewController.swift */,
				ACB17E65273BD003008CAB1B /* OperationDetailsViewController.xib */,
			);
			path = Views;
			sourceTree = "<group>";
		};
		ACB17E5D273BACE1008CAB1B /* Coordinators */ = {
			isa = PBXGroup;
			children = (
				ACB17E5E273BACF8008CAB1B /* Coordinator.swift */,
				ACB17E61273BAE9C008CAB1B /* FinancialOperationsCoordinator.swift */,
				ACB17E69273BD01D008CAB1B /* OperationDetailsCoordinator.swift */,
			);
			path = Coordinators;
			sourceTree = "<group>";
		};
		ACB17E6C273BD3C9008CAB1B /* ViewModels */ = {
			isa = PBXGroup;
			children = (
				ACB17E6D273BD3E7008CAB1B /* FinancialOperationsViewModel.swift */,
				ACB17E70273BD686008CAB1B /* OperationDetailsViewModel.swift */,
			);
			path = ViewModels;
			sourceTree = "<group>";
		};
/* End PBXGroup section */

/* Begin PBXNativeTarget section */
		ACB17E39273BA9FD008CAB1B /* FinanceApp */ = {
			isa = PBXNativeTarget;
			buildConfigurationList = ACB17E4E273BA9FF008CAB1B /* Build configuration list for PBXNativeTarget "FinanceApp" */;
			buildPhases = (
				ACB17E36273BA9FD008CAB1B /* Sources */,
				ACB17E37273BA9FD008CAB1B /* Frameworks */,
				ACB17E38273BA9FD008CAB1B /* Resources */,
			);
			buildRules = (
			);
			dependencies = (
			);
			name = FinanceApp;
			productName = FinanceApp;
			productReference = ACB17E3A273BA9FD008CAB1B /* FinanceApp.app */;
			productType = "com.apple.product-type.application";
		};
/* End PBXNativeTarget section */

/* Begin PBXProject section */
		ACB17E32273BA9FD008CAB1B /* Project object */ = {
			isa = PBXProject;
			attributes = {
				LastSwiftUpdateCheck = 1220;
				LastUpgradeCheck = 1220;
				TargetAttributes = {
					ACB17E39273BA9FD008CAB1B = {
						CreatedOnToolsVersion = 12.2;
					};
				};
			};
			buildConfigurationList = ACB17E35273BA9FD008CAB1B /* Build configuration list for PBXProject "FinanceApp" */;
			compatibilityVersion = "Xcode 9.3";
			developmentRegion = en;
			hasScannedForEncodings = 0;
			knownRegions = (
				en,
				Base,
			);
			mainGroup = ACB17E31273BA9FD008CAB1B;
			productRefGroup = ACB17E3B273BA9FD008CAB1B /* Products */;
			projectDirPath = "";
			projectRoot = "";
			targets = (
				ACB17E39273BA9FD008CAB1B /* FinanceApp */,
			);
		};
/* End PBXProject section */

/* Begin PBXResourcesBuildPhase section */
		ACB17E38273BA9FD008CAB1B /* Resources */ = {
			isa = PBXResourcesBuildPhase;
			buildActionMask = 2147483647;
			files = (
				ACB17E4A273BA9FF008CAB1B /* LaunchScreen.storyboard in Resources */,
				ACB17E67273BD003008CAB1B /* OperationDetailsViewController.xib in Resources */,
				ACB17E5A273BACA4008CAB1B /* FinancialOperationsViewController.xib in Resources */,
				ACB17E47273BA9FF008CAB1B /* Assets.xcassets in Resources */,
			);
			runOnlyForDeploymentPostprocessing = 0;
		};
/* End PBXResourcesBuildPhase section */

/* Begin PBXSourcesBuildPhase section */
		ACB17E36273BA9FD008CAB1B /* Sources */ = {
			isa = PBXSourcesBuildPhase;
			buildActionMask = 2147483647;
			files = (
				ACB17E5F273BACF8008CAB1B /* Coordinator.swift in Sources */,
				ACB17E66273BD003008CAB1B /* OperationDetailsViewController.swift in Sources */,
				ACB17E6E273BD3E7008CAB1B /* FinancialOperationsViewModel.swift in Sources */,
				ACB17E6A273BD01D008CAB1B /* OperationDetailsCoordinator.swift in Sources */,
				ACB17E59273BACA4008CAB1B /* FinancialOperationsViewController.swift in Sources */,
				ACB17E3E273BA9FD008CAB1B /* AppDelegate.swift in Sources */,
				ACB17E40273BA9FD008CAB1B /* SceneDelegate.swift in Sources */,
				ACB17E62273BAE9C008CAB1B /* FinancialOperationsCoordinator.swift in Sources */,
				ACB17E71273BD686008CAB1B /* OperationDetailsViewModel.swift in Sources */,
			);
			runOnlyForDeploymentPostprocessing = 0;
		};
/* End PBXSourcesBuildPhase section */

/* Begin PBXVariantGroup section */
		ACB17E48273BA9FF008CAB1B /* LaunchScreen.storyboard */ = {
			isa = PBXVariantGroup;
			children = (
				ACB17E49273BA9FF008CAB1B /* Base */,
			);
			name = LaunchScreen.storyboard;
			sourceTree = "<group>";
		};
/* End PBXVariantGroup section */

/* Begin XCBuildConfiguration section */
		ACB17E4C273BA9FF008CAB1B /* Debug */ = {
			isa = XCBuildConfiguration;
			buildSettings = {
				ALWAYS_SEARCH_USER_PATHS = NO;
				CLANG_ANALYZER_NONNULL = YES;
				CLANG_ANALYZER_NUMBER_OBJECT_CONVERSION = YES_AGGRESSIVE;
				CLANG_CXX_LANGUAGE_STANDARD = "gnu++14";
				CLANG_CXX_LIBRARY = "libc++";
				CLANG_ENABLE_MODULES = YES;
				CLANG_ENABLE_OBJC_ARC = YES;
				CLANG_ENABLE_OBJC_WEAK = YES;
				CLANG_WARN_BLOCK_CAPTURE_AUTORELEASING = YES;
				CLANG_WARN_BOOL_CONVERSION = YES;
				CLANG_WARN_COMMA = YES;
				CLANG_WARN_CONSTANT_CONVERSION = YES;
				CLANG_WARN_DEPRECATED_OBJC_IMPLEMENTATIONS = YES;
				CLANG_WARN_DIRECT_OBJC_ISA_USAGE = YES_ERROR;
				CLANG_WARN_DOCUMENTATION_COMMENTS = YES;
				CLANG_WARN_EMPTY_BODY = YES;
				CLANG_WARN_ENUM_CONVERSION = YES;
				CLANG_WARN_INFINITE_RECURSION = YES;
				CLANG_WARN_INT_CONVERSION = YES;
				CLANG_WARN_NON_LITERAL_NULL_CONVERSION = YES;
				CLANG_WARN_OBJC_IMPLICIT_RETAIN_SELF = YES;
				CLANG_WARN_OBJC_LITERAL_CONVERSION = YES;
				CLANG_WARN_OBJC_ROOT_CLASS = YES_ERROR;
				CLANG_WARN_QUOTED_INCLUDE_IN_FRAMEWORK_HEADER = YES;
				CLANG_WARN_RANGE_LOOP_ANALYSIS = YES;
				CLANG_WARN_STRICT_PROTOTYPES = YES;
				CLANG_WARN_SUSPICIOUS_MOVE = YES;
				CLANG_WARN_UNGUARDED_AVAILABILITY = YES_AGGRESSIVE;
				CLANG_WARN_UNREACHABLE_CODE = YES;
				CLANG_WARN__DUPLICATE_METHOD_MATCH = YES;
				COPY_PHASE_STRIP = NO;
				DEBUG_INFORMATION_FORMAT = dwarf;
				ENABLE_STRICT_OBJC_MSGSEND = YES;
				ENABLE_TESTABILITY = YES;
				GCC_C_LANGUAGE_STANDARD = gnu11;
				GCC_DYNAMIC_NO_PIC = NO;
				GCC_NO_COMMON_BLOCKS = YES;
				GCC_OPTIMIZATION_LEVEL = 0;
				GCC_PREPROCESSOR_DEFINITIONS = (
					"DEBUG=1",
					"$(inherited)",
				);
				GCC_WARN_64_TO_32_BIT_CONVERSION = YES;
				GCC_WARN_ABOUT_RETURN_TYPE = YES_ERROR;
				GCC_WARN_UNDECLARED_SELECTOR = YES;
				GCC_WARN_UNINITIALIZED_AUTOS = YES_AGGRESSIVE;
				GCC_WARN_UNUSED_FUNCTION = YES;
				GCC_WARN_UNUSED_VARIABLE = YES;
				IPHONEOS_DEPLOYMENT_TARGET = 14.2;
				MTL_ENABLE_DEBUG_INFO = INCLUDE_SOURCE;
				MTL_FAST_MATH = YES;
				ONLY_ACTIVE_ARCH = YES;
				SDKROOT = iphoneos;
				SWIFT_ACTIVE_COMPILATION_CONDITIONS = DEBUG;
				SWIFT_OPTIMIZATION_LEVEL = "-Onone";
			};
			name = Debug;
		};
		ACB17E4D273BA9FF008CAB1B /* Release */ = {
			isa = XCBuildConfiguration;
			buildSettings = {
				ALWAYS_SEARCH_USER_PATHS = NO;
				CLANG_ANALYZER_NONNULL = YES;
				CLANG_ANALYZER_NUMBER_OBJECT_CONVERSION = YES_AGGRESSIVE;
				CLANG_CXX_LANGUAGE_STANDARD = "gnu++14";
				CLANG_CXX_LIBRARY = "libc++";
				CLANG_ENABLE_MODULES = YES;
				CLANG_ENABLE_OBJC_ARC = YES;
				CLANG_ENABLE_OBJC_WEAK = YES;
				CLANG_WARN_BLOCK_CAPTURE_AUTORELEASING = YES;
				CLANG_WARN_BOOL_CONVERSION = YES;
				CLANG_WARN_COMMA = YES;
				CLANG_WARN_CONSTANT_CONVERSION = YES;
				CLANG_WARN_DEPRECATED_OBJC_IMPLEMENTATIONS = YES;
				CLANG_WARN_DIRECT_OBJC_ISA_USAGE = YES_ERROR;
				CLANG_WARN_DOCUMENTATION_COMMENTS = YES;
				CLANG_WARN_EMPTY_BODY = YES;
				CLANG_WARN_ENUM_CONVERSION = YES;
				CLANG_WARN_INFINITE_RECURSION = YES;
				CLANG_WARN_INT_CONVERSION = YES;
				CLANG_WARN_NON_LITERAL_NULL_CONVERSION = YES;
				CLANG_WARN_OBJC_IMPLICIT_RETAIN_SELF = YES;
				CLANG_WARN_OBJC_LITERAL_CONVERSION = YES;
				CLANG_WARN_OBJC_ROOT_CLASS = YES_ERROR;
				CLANG_WARN_QUOTED_INCLUDE_IN_FRAMEWORK_HEADER = YES;
				CLANG_WARN_RANGE_LOOP_ANALYSIS = YES;
				CLANG_WARN_STRICT_PROTOTYPES = YES;
				CLANG_WARN_SUSPICIOUS_MOVE = YES;
				CLANG_WARN_UNGUARDED_AVAILABILITY = YES_AGGRESSIVE;
				CLANG_WARN_UNREACHABLE_CODE = YES;
				CLANG_WARN__DUPLICATE_METHOD_MATCH = YES;
				COPY_PHASE_STRIP = NO;
				DEBUG_INFORMATION_FORMAT = "dwarf-with-dsym";
				ENABLE_NS_ASSERTIONS = NO;
				ENABLE_STRICT_OBJC_MSGSEND = YES;
				GCC_C_LANGUAGE_STANDARD = gnu11;
				GCC_NO_COMMON_BLOCKS = YES;
				GCC_WARN_64_TO_32_BIT_CONVERSION = YES;
				GCC_WARN_ABOUT_RETURN_TYPE = YES_ERROR;
				GCC_WARN_UNDECLARED_SELECTOR = YES;
				GCC_WARN_UNINITIALIZED_AUTOS = YES_AGGRESSIVE;
				GCC_WARN_UNUSED_FUNCTION = YES;
				GCC_WARN_UNUSED_VARIABLE = YES;
				IPHONEOS_DEPLOYMENT_TARGET = 14.2;
				MTL_ENABLE_DEBUG_INFO = NO;
				MTL_FAST_MATH = YES;
				SDKROOT = iphoneos;
				SWIFT_COMPILATION_MODE = wholemodule;
				SWIFT_OPTIMIZATION_LEVEL = "-O";
				VALIDATE_PRODUCT = YES;
			};
			name = Release;
		};
		ACB17E4F273BA9FF008CAB1B /* Debug */ = {
			isa = XCBuildConfiguration;
			buildSettings = {
				ASSETCATALOG_COMPILER_APPICON_NAME = AppIcon;
				ASSETCATALOG_COMPILER_GLOBAL_ACCENT_COLOR_NAME = AccentColor;
				CODE_SIGN_STYLE = Automatic;
				DEVELOPMENT_TEAM = KJSUL68A86;
				INFOPLIST_FILE = FinanceApp/Info.plist;
				IPHONEOS_DEPLOYMENT_TARGET = 13.0;
				LD_RUNPATH_SEARCH_PATHS = (
					"$(inherited)",
					"@executable_path/Frameworks",
				);
				PRODUCT_BUNDLE_IDENTIFIER = com.arieperetz.FinanceApp;
				PRODUCT_NAME = "$(TARGET_NAME)";
				SWIFT_VERSION = 5.0;
				TARGETED_DEVICE_FAMILY = 1;
			};
			name = Debug;
		};
		ACB17E50273BA9FF008CAB1B /* Release */ = {
			isa = XCBuildConfiguration;
			buildSettings = {
				ASSETCATALOG_COMPILER_APPICON_NAME = AppIcon;
				ASSETCATALOG_COMPILER_GLOBAL_ACCENT_COLOR_NAME = AccentColor;
				CODE_SIGN_STYLE = Automatic;
				DEVELOPMENT_TEAM = KJSUL68A86;
				INFOPLIST_FILE = FinanceApp/Info.plist;
				IPHONEOS_DEPLOYMENT_TARGET = 13.0;
				LD_RUNPATH_SEARCH_PATHS = (
					"$(inherited)",
					"@executable_path/Frameworks",
				);
				PRODUCT_BUNDLE_IDENTIFIER = com.arieperetz.FinanceApp;
				PRODUCT_NAME = "$(TARGET_NAME)";
				SWIFT_VERSION = 5.0;
				TARGETED_DEVICE_FAMILY = 1;
			};
			name = Release;
		};
/* End XCBuildConfiguration section */

/* Begin XCConfigurationList section */
		ACB17E35273BA9FD008CAB1B /* Build configuration list for PBXProject "FinanceApp" */ = {
			isa = XCConfigurationList;
			buildConfigurations = (
				ACB17E4C273BA9FF008CAB1B /* Debug */,
				ACB17E4D273BA9FF008CAB1B /* Release */,
			);
			defaultConfigurationIsVisible = 0;
			defaultConfigurationName = Release;
		};
		ACB17E4E273BA9FF008CAB1B /* Build configuration list for PBXNativeTarget "FinanceApp" */ = {
			isa = XCConfigurationList;
			buildConfigurations = (
				ACB17E4F273BA9FF008CAB1B /* Debug */,
				ACB17E50273BA9FF008CAB1B /* Release */,
			);
			defaultConfigurationIsVisible = 0;
			defaultConfigurationName = Release;
		};
/* End XCConfigurationList section */
	};
	rootObject = ACB17E32273BA9FD008CAB1B /* Project object */;
}
